# This file is automatically @generated by Cargo.
# It is not intended for manual editing.
version = 4

[[package]]
name = "yps-cli"
version = "0.1.0"
dependencies = [
 "yps-lexer",
]

[[package]]
name = "yps-lexer"
version = "0.1.0"

[[package]]
name = "yps-parser"
version = "0.1.0"
dependencies = [
 "yps-lexer",
]
